
Microsoft Visual Studio Solution File, Format Version 12.00
# Visual Studio 15
VisualStudioVersion = 15.0.28307.852
MinimumVisualStudioVersion = 10.0.40219.1
Project("{9A19103F-16F7-4668-BE54-9A1E7A4F7556}") = "NuGetMetadataExtractor", "NuGetMetadataExtractor\NuGetMetadataExtractor.csproj", "{482BF0F1-E852-4865-8CF4-1D8726A09106}"
EndProject
Global
	GlobalSection(SolutionConfigurationPlatforms) = preSolution
		Debug|Any CPU = Debug|Any CPU
		Release|Any CPU = Release|Any CPU
	EndGlobalSection
	GlobalSection(ProjectConfigurationPlatforms) = postSolution
		{482BF0F1-E852-4865-8CF4-1D8726A09106}.Debug|Any CPU.ActiveCfg = Debug|Any CPU
		{482BF0F1-E852-4865-8CF4-1D8726A09106}.Debug|Any CPU.Build.0 = Debug|Any CPU
		{482BF0F1-E852-4865-8CF4-1D8726A09106}.Release|Any CPU.ActiveCfg = Release|Any CPU
		{482BF0F1-E852-4865-8CF4-1D8726A09106}.Release|Any CPU.Build.0 = Release|Any CPU
	EndGlobalSection
	GlobalSection(SolutionProperties) = preSolution
		HideSolutionNode = FALSE
	EndGlobalSection
	GlobalSection(ExtensibilityGlobals) = postSolution
		SolutionGuid = {074213EE-B1CE-435C-83CC-77657BFF8B24}
	EndGlobalSection
EndGlobal
